
Microsoft Visual Studio Solution File, Format Version 12.00
# Visual Studio Version 17
VisualStudioVersion = 17.1.32228.430
MinimumVisualStudioVersion = 10.0.40219.1
Project("{9A19103F-16F7-4668-BE54-9A1E7A4F7556}") = "TodoListClient", "Client\TodoListClient.csproj", "{4321166E-910D-4BB8-B41F-813FB31392B5}"
EndProject
Project("{9A19103F-16F7-4668-BE54-9A1E7A4F7556}") = "TodoListService", "TodoListService\TodoListService.csproj", "{CEC9BD57-5501-410E-944A-3985F7D96509}"
EndProject
Global
	GlobalSection(SolutionConfigurationPlatforms) = preSolution
		Debug|Any CPU = Debug|Any CPU
		Release|Any CPU = Release|Any CPU
	EndGlobalSection
	GlobalSection(ProjectConfigurationPlatforms) = postSolution
		{4321166E-910D-4BB8-B41F-813FB31392B5}.Debug|Any CPU.ActiveCfg = Debug|Any CPU
		{4321166E-910D-4BB8-B41F-813FB31392B5}.Debug|Any CPU.Build.0 = Debug|Any CPU
		{4321166E-910D-4BB8-B41F-813FB31392B5}.Release|Any CPU.ActiveCfg = Release|Any CPU
		{4321166E-910D-4BB8-B41F-813FB31392B5}.Release|Any CPU.Build.0 = Release|Any CPU
		{CEC9BD57-5501-410E-944A-3985F7D96509}.Debug|Any CPU.ActiveCfg = Debug|Any CPU
		{CEC9BD57-5501-410E-944A-3985F7D96509}.Debug|Any CPU.Build.0 = Debug|Any CPU
		{CEC9BD57-5501-410E-944A-3985F7D96509}.Release|Any CPU.ActiveCfg = Release|Any CPU
		{CEC9BD57-5501-410E-944A-3985F7D96509}.Release|Any CPU.Build.0 = Release|Any CPU
	EndGlobalSection
	GlobalSection(SolutionProperties) = preSolution
		HideSolutionNode = FALSE
	EndGlobalSection
	GlobalSection(ExtensibilityGlobals) = postSolution
		SolutionGuid = {BB3AAAB1-80FD-4611-8842-43D9F5BEC284}
	EndGlobalSection
EndGlobal
